{
  "name": "@frugal-ui/zoomview",
  "version": "1.0.0-beta1",
  "lockfileVersion": 3,
  "requires": true,
  "packages": {
    "": {
      "name": "@frugal-ui/zoomview",
      "version": "1.0.0-beta1",
      "license": "MIT",
      "dependencies": {
        "@frugal-ui/base": "^1.0.0-beta13"
      }
    },
    "node_modules/@frugal-ui/base": {
      "version": "1.0.0-beta13",
      "resolved": "https://registry.npmjs.org/@frugal-ui/base/-/base-1.0.0-beta13.tgz",
      "integrity": "sha512-4oZpK6/ttOnjNCzcFc+YmY9khK0SFhzqi/SWuLqluI8cniJ3sevrGcIG/NC8Qq5jEv2XDbRFKoSHXhlNUaLBhw==",
      "dependencies": {
        "@types/node": "^20.2.3",
        "@types/uuid": "^9.0.1",
        "css-property-names": "^1.0.5",
        "material-icons": "^1.13.7",
        "uuid": "^9.0.0"
      }
    },
    "node_modules/@types/node": {
      "version": "20.4.2",
      "resolved": "https://registry.npmjs.org/@types/node/-/node-20.4.2.tgz",
      "integrity": "sha512-Dd0BYtWgnWJKwO1jkmTrzofjK2QXXcai0dmtzvIBhcA+RsG5h8R3xlyta0kGOZRNfL9GuRtb1knmPEhQrePCEw=="
    },
    "node_modules/@types/uuid": {
      "version": "9.0.2",
      "resolved": "https://registry.npmjs.org/@types/uuid/-/uuid-9.0.2.tgz",
      "integrity": "sha512-kNnC1GFBLuhImSnV7w4njQkUiJi0ZXUycu1rUaouPqiKlXkh77JKgdRnTAp1x5eBwcIwbtI+3otwzuIDEuDoxQ=="
    },
    "node_modules/css-property-names": {
      "version": "1.0.7",
      "resolved": "https://registry.npmjs.org/css-property-names/-/css-property-names-1.0.7.tgz",
      "integrity": "sha512-z3BmtfSzl23X2JMbI6hbEp6d60WnB/AfagrrJcShV8hogb3erxIgvPNtFHph8mHWmgcy8wbYFunaLL+uLyAJXQ=="
    },
    "node_modules/material-icons": {
      "version": "1.13.8",
      "resolved": "https://registry.npmjs.org/material-icons/-/material-icons-1.13.8.tgz",
      "integrity": "sha512-vnLGXKa/AwFUxUgkiX39EpYVFttPhDQcKdVylIqmUUqz+Eo/O9A3BkdPCU3/G5cJOTezHi5B/b8sEpKYgUNAwQ=="
    },
    "node_modules/uuid": {
      "version": "9.0.0",
      "resolved": "https://registry.npmjs.org/uuid/-/uuid-9.0.0.tgz",
      "integrity": "sha512-MXcSTerfPa4uqyzStbRoTgt5XIe3x5+42+q1sDuy3R5MDk66URdLMOZe5aPX/SQd+kuYAh0FdP/pO28IkQyTeg==",
      "bin": {
        "uuid": "dist/bin/uuid"
      }
    }
  }
}
